
Microsoft Visual Studio Solution File, Format Version 12.00
# Visual Studio 15
VisualStudioVersion = 15.0.27130.2026
MinimumVisualStudioVersion = 10.0.40219.1
Project("{FAE04EC0-301F-11D3-BF4B-00C04F79EFBC}") = "SpecFlowCodedUIIntegration", "SpecFlowCodedUIIntegration\SpecFlowCodedUIIntegration.csproj", "{CB0BD1CD-3F87-4D8A-B5F7-127377111B81}"
EndProject
Project("{FAE04EC0-301F-11D3-BF4B-00C04F79EFBC}") = "TechTalk.SpecFlow.CodedUI.MsTest", "TechTalk.SpecFlow.CodedUI.MsTest\TechTalk.SpecFlow.CodedUI.MsTest.csproj", "{DA0A4457-C9D0-49C4-8221-7BB88D67F197}"
EndProject
Global
	GlobalSection(SolutionConfigurationPlatforms) = preSolution
		Debug|Any CPU = Debug|Any CPU
		Release|Any CPU = Release|Any CPU
	EndGlobalSection
	GlobalSection(ProjectConfigurationPlatforms) = postSolution
		{CB0BD1CD-3F87-4D8A-B5F7-127377111B81}.Debug|Any CPU.ActiveCfg = Debug|Any CPU
		{CB0BD1CD-3F87-4D8A-B5F7-127377111B81}.Debug|Any CPU.Build.0 = Debug|Any CPU
		{CB0BD1CD-3F87-4D8A-B5F7-127377111B81}.Release|Any CPU.ActiveCfg = Release|Any CPU
		{CB0BD1CD-3F87-4D8A-B5F7-127377111B81}.Release|Any CPU.Build.0 = Release|Any CPU
		{DA0A4457-C9D0-49C4-8221-7BB88D67F197}.Debug|Any CPU.ActiveCfg = Debug|Any CPU
		{DA0A4457-C9D0-49C4-8221-7BB88D67F197}.Debug|Any CPU.Build.0 = Debug|Any CPU
		{DA0A4457-C9D0-49C4-8221-7BB88D67F197}.Release|Any CPU.ActiveCfg = Release|Any CPU
		{DA0A4457-C9D0-49C4-8221-7BB88D67F197}.Release|Any CPU.Build.0 = Release|Any CPU
	EndGlobalSection
	GlobalSection(SolutionProperties) = preSolution
		HideSolutionNode = FALSE
	EndGlobalSection
	GlobalSection(ExtensibilityGlobals) = postSolution
		SolutionGuid = {9BB060A5-954E-4D7F-9E93-69C8C7F3C7C9}
	EndGlobalSection
EndGlobal
